
Microsoft Visual Studio Solution File, Format Version 12.00
# Visual Studio 15
VisualStudioVersion = 15.0.28307.1300
MinimumVisualStudioVersion = 10.0.40219.1
Project("{FAE04EC0-301F-11D3-BF4B-00C04F79EFBC}") = "AnimeWatchList2", "AnimeWatchList2\AnimeWatchList2.csproj", "{C4131525-7A3E-45C0-8235-5060EE2CBE6E}"
EndProject
Global
	GlobalSection(SolutionConfigurationPlatforms) = preSolution
		Debug|Any CPU = Debug|Any CPU
		Release|Any CPU = Release|Any CPU
	EndGlobalSection
	GlobalSection(ProjectConfigurationPlatforms) = postSolution
		{C4131525-7A3E-45C0-8235-5060EE2CBE6E}.Debug|Any CPU.ActiveCfg = Debug|Any CPU
		{C4131525-7A3E-45C0-8235-5060EE2CBE6E}.Debug|Any CPU.Build.0 = Debug|Any CPU
		{C4131525-7A3E-45C0-8235-5060EE2CBE6E}.Release|Any CPU.ActiveCfg = Release|Any CPU
		{C4131525-7A3E-45C0-8235-5060EE2CBE6E}.Release|Any CPU.Build.0 = Release|Any CPU
	EndGlobalSection
	GlobalSection(SolutionProperties) = preSolution
		HideSolutionNode = FALSE
	EndGlobalSection
	GlobalSection(ExtensibilityGlobals) = postSolution
		SolutionGuid = {F16DEE5A-AA1D-4937-AED0-9F2148C2036D}
	EndGlobalSection
EndGlobal
